PODS:
  - NVActivityIndicatorView (3.0)
  - SwiftyJSON (3.1.0)

DEPENDENCIES:
  - NVActivityIndicatorView (from `https://github.com/ninjaprox/NVActivityIndicatorView.git`)
  - SwiftyJSON (from `https://github.com/SwiftyJSON/SwiftyJSON.git`)

EXTERNAL SOURCES:
  NVActivityIndicatorView:
    :git: https://github.com/ninjaprox/NVActivityIndicatorView.git
  SwiftyJSON:
    :git: https://github.com/SwiftyJSON/SwiftyJSON.git

CHECKOUT OPTIONS:
  NVActivityIndicatorView:
    :commit: ad1b20572315402e13f13b869157dc794e4bf75a
    :git: https://github.com/ninjaprox/NVActivityIndicatorView.git
  SwiftyJSON:
    :commit: 1f716321de815a6d0b5323258bd265a6fdf20495
    :git: https://github.com/SwiftyJSON/SwiftyJSON.git

SPEC CHECKSUMS:
  NVActivityIndicatorView: 19c0c7549ffe4f830f65d00b2f0d9a144e4c5105
  SwiftyJSON: 29b9f2a64f118c07e691667c2ba1efe536acfe0b

PODFILE CHECKSUM: 477053ef862809c21e6e775c2d4869f808367e4e

COCOAPODS: 1.0.1
